
Microsoft Visual Studio Solution File, Format Version 12.00
# Visual Studio Version 17
VisualStudioVersion = 17.11.35327.3
MinimumVisualStudioVersion = 10.0.40219.1
Project("{2150E333-8FDC-42A3-9474-1A3956D46DE8}") = "CHF", "CHF", "{9A970026-5A8A-4C78-A0C2-E97BFDC62066}"
EndProject
Project("{9A19103F-16F7-4668-BE54-9A1E7A4F7556}") = "CH.Framework.Win", "..\Menu\CHF\CH.Framework.Win\CH.Framework.Win.csproj", "{BD4E48EC-7FDB-45C1-B48B-1BC82C462131}"
EndProject
Project("{2150E333-8FDC-42A3-9474-1A3956D46DE8}") = "MAS", "MAS", "{FFADB78B-8041-4EB7-8B37-B48475110628}"
EndProject
Project("{9A19103F-16F7-4668-BE54-9A1E7A4F7556}") = "M_TEST_001", "..\Menu\MAS\M_TEST_001\M_TEST_001.csproj", "{B8723015-DDC5-4281-8682-414ACA64291A}"
EndProject
Project("{2150E333-8FDC-42A3-9474-1A3956D46DE8}") = "App", "App", "{6DD2593B-06CB-4340-971A-FD314F1E63D4}"
EndProject
Project("{9A19103F-16F7-4668-BE54-9A1E7A4F7556}") = "SMART_ERP", "C:\Users\GMSH-CHAN\Desktop\AllInOne\CHAN\SMART_ERP\SMART_ERP.csproj", "{38068AB8-6175-4F75-A0CD-DCE65DCE603E}"
EndProject
Project("{9A19103F-16F7-4668-BE54-9A1E7A4F7556}") = "ENOTES", "..\Menu\APP\ENOTES\ENOTES.csproj", "{45CF5394-1664-4B11-9D66-606FA937C3C7}"
EndProject
Project("{9A19103F-16F7-4668-BE54-9A1E7A4F7556}") = "CH.Framework.Win.Controls", "..\Menu\CHF\CH.Framework.Win.Controls\CH.Framework.Win.Controls.csproj", "{C7355061-5F73-4F17-A26E-15C05CDFDD32}"
EndProject
Project("{9A19103F-16F7-4668-BE54-9A1E7A4F7556}") = "CH.Grid", "..\Menu\CHF\CH.Grid\CH.Grid.csproj", "{7980D4A2-C7DA-484F-9B5C-577324716B91}"
EndProject
Project("{9A19103F-16F7-4668-BE54-9A1E7A4F7556}") = "CH.Helper", "..\Menu\CHF\CH.Helper\CH.Helper.csproj", "{18B4D4D6-F140-4A84-B6E1-860C9ACC082B}"
EndProject
Project("{9A19103F-16F7-4668-BE54-9A1E7A4F7556}") = "M_SYS_MENU_REG_001", "..\Menu\MAS\M_SYS_MENU_REG_001\M_SYS_MENU_REG_001.csproj", "{3319F199-2698-4C6F-AF88-B40A628FB1F3}"
EndProject
Project("{9A19103F-16F7-4668-BE54-9A1E7A4F7556}") = "CH.Framework.Common", "..\Menu\CHF\CH.Framework.Common\CH.Framework.Common.csproj", "{928B01D8-BCD6-47C1-A79E-BF855FBD711B}"
EndProject
Global
	GlobalSection(SolutionConfigurationPlatforms) = preSolution
		Debug|Any CPU = Debug|Any CPU
		Release|Any CPU = Release|Any CPU
	EndGlobalSection
	GlobalSection(ProjectConfigurationPlatforms) = postSolution
		{BD4E48EC-7FDB-45C1-B48B-1BC82C462131}.Debug|Any CPU.ActiveCfg = Debug|Any CPU
		{BD4E48EC-7FDB-45C1-B48B-1BC82C462131}.Debug|Any CPU.Build.0 = Debug|Any CPU
		{BD4E48EC-7FDB-45C1-B48B-1BC82C462131}.Release|Any CPU.ActiveCfg = Release|Any CPU
		{BD4E48EC-7FDB-45C1-B48B-1BC82C462131}.Release|Any CPU.Build.0 = Release|Any CPU
		{B8723015-DDC5-4281-8682-414ACA64291A}.Debug|Any CPU.ActiveCfg = Debug|Any CPU
		{B8723015-DDC5-4281-8682-414ACA64291A}.Debug|Any CPU.Build.0 = Debug|Any CPU
		{B8723015-DDC5-4281-8682-414ACA64291A}.Release|Any CPU.ActiveCfg = Release|Any CPU
		{B8723015-DDC5-4281-8682-414ACA64291A}.Release|Any CPU.Build.0 = Release|Any CPU
		{38068AB8-6175-4F75-A0CD-DCE65DCE603E}.Debug|Any CPU.ActiveCfg = Debug|Any CPU
		{38068AB8-6175-4F75-A0CD-DCE65DCE603E}.Debug|Any CPU.Build.0 = Debug|Any CPU
		{38068AB8-6175-4F75-A0CD-DCE65DCE603E}.Release|Any CPU.ActiveCfg = Release|Any CPU
		{38068AB8-6175-4F75-A0CD-DCE65DCE603E}.Release|Any CPU.Build.0 = Release|Any CPU
		{45CF5394-1664-4B11-9D66-606FA937C3C7}.Debug|Any CPU.ActiveCfg = Debug|Any CPU
		{45CF5394-1664-4B11-9D66-606FA937C3C7}.Debug|Any CPU.Build.0 = Debug|Any CPU
		{45CF5394-1664-4B11-9D66-606FA937C3C7}.Release|Any CPU.ActiveCfg = Release|Any CPU
		{45CF5394-1664-4B11-9D66-606FA937C3C7}.Release|Any CPU.Build.0 = Release|Any CPU
		{C7355061-5F73-4F17-A26E-15C05CDFDD32}.Debug|Any CPU.ActiveCfg = Debug|Any CPU
		{C7355061-5F73-4F17-A26E-15C05CDFDD32}.Debug|Any CPU.Build.0 = Debug|Any CPU
		{C7355061-5F73-4F17-A26E-15C05CDFDD32}.Release|Any CPU.ActiveCfg = Release|Any CPU
		{C7355061-5F73-4F17-A26E-15C05CDFDD32}.Release|Any CPU.Build.0 = Release|Any CPU
		{7980D4A2-C7DA-484F-9B5C-577324716B91}.Debug|Any CPU.ActiveCfg = Debug|Any CPU
		{7980D4A2-C7DA-484F-9B5C-577324716B91}.Debug|Any CPU.Build.0 = Debug|Any CPU
		{7980D4A2-C7DA-484F-9B5C-577324716B91}.Release|Any CPU.ActiveCfg = Release|Any CPU
		{7980D4A2-C7DA-484F-9B5C-577324716B91}.Release|Any CPU.Build.0 = Release|Any CPU
		{18B4D4D6-F140-4A84-B6E1-860C9ACC082B}.Debug|Any CPU.ActiveCfg = Debug|Any CPU
		{18B4D4D6-F140-4A84-B6E1-860C9ACC082B}.Debug|Any CPU.Build.0 = Debug|Any CPU
		{18B4D4D6-F140-4A84-B6E1-860C9ACC082B}.Release|Any CPU.ActiveCfg = Release|Any CPU
		{18B4D4D6-F140-4A84-B6E1-860C9ACC082B}.Release|Any CPU.Build.0 = Release|Any CPU
		{3319F199-2698-4C6F-AF88-B40A628FB1F3}.Debug|Any CPU.ActiveCfg = Debug|Any CPU
		{3319F199-2698-4C6F-AF88-B40A628FB1F3}.Debug|Any CPU.Build.0 = Debug|Any CPU
		{3319F199-2698-4C6F-AF88-B40A628FB1F3}.Release|Any CPU.ActiveCfg = Release|Any CPU
		{3319F199-2698-4C6F-AF88-B40A628FB1F3}.Release|Any CPU.Build.0 = Release|Any CPU
		{928B01D8-BCD6-47C1-A79E-BF855FBD711B}.Debug|Any CPU.ActiveCfg = Debug|Any CPU
		{928B01D8-BCD6-47C1-A79E-BF855FBD711B}.Debug|Any CPU.Build.0 = Debug|Any CPU
		{928B01D8-BCD6-47C1-A79E-BF855FBD711B}.Release|Any CPU.ActiveCfg = Release|Any CPU
		{928B01D8-BCD6-47C1-A79E-BF855FBD711B}.Release|Any CPU.Build.0 = Release|Any CPU
	EndGlobalSection
	GlobalSection(SolutionProperties) = preSolution
		HideSolutionNode = FALSE
	EndGlobalSection
	GlobalSection(NestedProjects) = preSolution
		{BD4E48EC-7FDB-45C1-B48B-1BC82C462131} = {9A970026-5A8A-4C78-A0C2-E97BFDC62066}
		{B8723015-DDC5-4281-8682-414ACA64291A} = {FFADB78B-8041-4EB7-8B37-B48475110628}
		{38068AB8-6175-4F75-A0CD-DCE65DCE603E} = {6DD2593B-06CB-4340-971A-FD314F1E63D4}
		{45CF5394-1664-4B11-9D66-606FA937C3C7} = {6DD2593B-06CB-4340-971A-FD314F1E63D4}
		{C7355061-5F73-4F17-A26E-15C05CDFDD32} = {9A970026-5A8A-4C78-A0C2-E97BFDC62066}
		{7980D4A2-C7DA-484F-9B5C-577324716B91} = {9A970026-5A8A-4C78-A0C2-E97BFDC62066}
		{18B4D4D6-F140-4A84-B6E1-860C9ACC082B} = {9A970026-5A8A-4C78-A0C2-E97BFDC62066}
		{3319F199-2698-4C6F-AF88-B40A628FB1F3} = {FFADB78B-8041-4EB7-8B37-B48475110628}
		{928B01D8-BCD6-47C1-A79E-BF855FBD711B} = {9A970026-5A8A-4C78-A0C2-E97BFDC62066}
	EndGlobalSection
	GlobalSection(ExtensibilityGlobals) = postSolution
		SolutionGuid = {C7F60211-2F4E-4932-BD6C-28AF4DE4F39F}
	EndGlobalSection
EndGlobal
