
Microsoft Visual Studio Solution File, Format Version 12.00
# Visual Studio Version 17
VisualStudioVersion = 17.11.35327.3
MinimumVisualStudioVersion = 10.0.40219.1
Project("{FAE04EC0-301F-11D3-BF4B-00C04F79EFBC}") = "CH.Framework.Win", "CH.Framework.Win.csproj", "{906DE013-F9B4-413B-BAE2-08C613FEA6BE}"
EndProject
Global
	GlobalSection(SolutionConfigurationPlatforms) = preSolution
		Debug|Any CPU = Debug|Any CPU
		Release|Any CPU = Release|Any CPU
	EndGlobalSection
	GlobalSection(ProjectConfigurationPlatforms) = postSolution
		{906DE013-F9B4-413B-BAE2-08C613FEA6BE}.Debug|Any CPU.ActiveCfg = Debug|Any CPU
		{906DE013-F9B4-413B-BAE2-08C613FEA6BE}.Debug|Any CPU.Build.0 = Debug|Any CPU
		{906DE013-F9B4-413B-BAE2-08C613FEA6BE}.Release|Any CPU.ActiveCfg = Release|Any CPU
		{906DE013-F9B4-413B-BAE2-08C613FEA6BE}.Release|Any CPU.Build.0 = Release|Any CPU
	EndGlobalSection
	GlobalSection(SolutionProperties) = preSolution
		HideSolutionNode = FALSE
	EndGlobalSection
	GlobalSection(ExtensibilityGlobals) = postSolution
		SolutionGuid = {1BC4293F-B9E5-44E9-9240-17AC02FD2BFC}
	EndGlobalSection
EndGlobal
