
Microsoft Visual Studio Solution File, Format Version 12.00
# Visual Studio Version 17
VisualStudioVersion = 17.11.35327.3
MinimumVisualStudioVersion = 10.0.40219.1
Project("{FAE04EC0-301F-11D3-BF4B-00C04F79EFBC}") = "CH.Framework.Win.Controls", "CH.Framework.Win.Controls.csproj", "{DFC78CAE-F4AD-41FD-A07E-38BDA9EE260E}"
EndProject
Global
	GlobalSection(SolutionConfigurationPlatforms) = preSolution
		Debug|Any CPU = Debug|Any CPU
		Release|Any CPU = Release|Any CPU
	EndGlobalSection
	GlobalSection(ProjectConfigurationPlatforms) = postSolution
		{DFC78CAE-F4AD-41FD-A07E-38BDA9EE260E}.Debug|Any CPU.ActiveCfg = Debug|Any CPU
		{DFC78CAE-F4AD-41FD-A07E-38BDA9EE260E}.Debug|Any CPU.Build.0 = Debug|Any CPU
		{DFC78CAE-F4AD-41FD-A07E-38BDA9EE260E}.Release|Any CPU.ActiveCfg = Release|Any CPU
		{DFC78CAE-F4AD-41FD-A07E-38BDA9EE260E}.Release|Any CPU.Build.0 = Release|Any CPU
	EndGlobalSection
	GlobalSection(SolutionProperties) = preSolution
		HideSolutionNode = FALSE
	EndGlobalSection
	GlobalSection(ExtensibilityGlobals) = postSolution
		SolutionGuid = {DD8BA978-281D-4182-9A10-513955690F58}
	EndGlobalSection
EndGlobal
